
Microsoft Visual Studio Solution File, Format Version 12.00
# Visual Studio Version 16
VisualStudioVersion = 16.0.30907.101
MinimumVisualStudioVersion = 10.0.40219.1
Project("{FAE04EC0-301F-11D3-BF4B-00C04F79EFBC}") = "MoreOrLessDense", "MoreOrLessDense.csproj", "{24463BC2-F2BE-4945-A013-21EE120D016F}"
EndProject
Global
	GlobalSection(SolutionConfigurationPlatforms) = preSolution
		Debug|Any CPU = Debug|Any CPU
		Release|Any CPU = Release|Any CPU
	EndGlobalSection
	GlobalSection(ProjectConfigurationPlatforms) = postSolution
		{24463BC2-F2BE-4945-A013-21EE120D016F}.Debug|Any CPU.ActiveCfg = Debug|Any CPU
		{24463BC2-F2BE-4945-A013-21EE120D016F}.Debug|Any CPU.Build.0 = Debug|Any CPU
		{24463BC2-F2BE-4945-A013-21EE120D016F}.Release|Any CPU.ActiveCfg = Release|Any CPU
		{24463BC2-F2BE-4945-A013-21EE120D016F}.Release|Any CPU.Build.0 = Release|Any CPU
	EndGlobalSection
	GlobalSection(SolutionProperties) = preSolution
		HideSolutionNode = FALSE
	EndGlobalSection
	GlobalSection(ExtensibilityGlobals) = postSolution
		SolutionGuid = {BE15E276-EBD0-4171-BAFE-C0F99988771B}
	EndGlobalSection
EndGlobal
